
Microsoft Visual Studio Solution File, Format Version 12.00
# Visual Studio Version 17
VisualStudioVersion = 17.9.34728.123
MinimumVisualStudioVersion = 10.0.40219.1
Project("{9A19103F-16F7-4668-BE54-9A1E7A4F7556}") = "BlazorApp", "BlazorApp.csproj", "{56655408-2EDC-4818-A0B8-442C392E128C}"
EndProject
Global
	GlobalSection(SolutionConfigurationPlatforms) = preSolution
		Debug|Any CPU = Debug|Any CPU
		Release|Any CPU = Release|Any CPU
	EndGlobalSection
	GlobalSection(ProjectConfigurationPlatforms) = postSolution
		{56655408-2EDC-4818-A0B8-442C392E128C}.Debug|Any CPU.ActiveCfg = Debug|Any CPU
		{56655408-2EDC-4818-A0B8-442C392E128C}.Debug|Any CPU.Build.0 = Debug|Any CPU
		{56655408-2EDC-4818-A0B8-442C392E128C}.Release|Any CPU.ActiveCfg = Release|Any CPU
		{56655408-2EDC-4818-A0B8-442C392E128C}.Release|Any CPU.Build.0 = Release|Any CPU
	EndGlobalSection
	GlobalSection(SolutionProperties) = preSolution
		HideSolutionNode = FALSE
	EndGlobalSection
	GlobalSection(ExtensibilityGlobals) = postSolution
		SolutionGuid = {5C15C058-CA94-4C11-A1EA-78EBF3B22EB0}
	EndGlobalSection
EndGlobal
